<Solution>
    <Folder Name="/common/">
        <File Path="Directory.Build.props" />
        <File Path="Directory.Packages.props" />
    </Folder>
    <Folder Name="/core/">
        <Project Path="PgWorker.Core/PgWorker.Core.csproj" />
    </Folder>
    <Folder Name="/etcd/">
        <Project Path="PgWorker.Etcd/PgWorker.Etcd.csproj" />
    </Folder>
    <Folder Name="/docker/">
        <Project Path="PgWorker.Docker/PgWorker.Docker.csproj" />
    </Folder>
    <Folder Name="/provisioning/">
        <Project Path="PgWorker.Provisioning/PgWorker.Provisioning.csproj" />
    </Folder>
    <Folder Name="/moves/">
        <Project Path="PgWorker.Moves/PgWorker.Moves.csproj" />
    </Folder>
    <Folder Name="/app/">
        <Project Path="PgWorker.App/PgWorker.App.csproj" />
    </Folder>
    <Folder Name="/kafka/">
        <Project Path="KafkaWorker.Core/KafkaWorker.Core.csproj" />
        <Project Path="KafkaWorker.Etcd/KafkaWorker.Etcd.csproj" />
        <Project Path="KafkaWorker.Docker/KafkaWorker.Docker.csproj" />
        <Project Path="KafkaWorker.Provisioning/KafkaWorker.Provisioning.csproj" />
        <Project Path="KafkaWorker.App/KafkaWorker.App.csproj" />
    </Folder>
    <Folder Name="/admin/">
        <Project Path="AdminPanel.Api/AdminPanel.Api.csproj" />
        <Project Path="AdminPanel.Core/AdminPanel.Core.csproj" />
        <Project Path="AdminPanel.Etcd/AdminPanel.Etcd.csproj" />
        <Project Path="AdminPanel.Infrastructure/AdminPanel.Infrastructure.csproj" />
        <Project Path="AdminPanel.Probes/AdminPanel.Probes.csproj" />
    </Folder>
    <Folder Name="/tests/">
        <Project Path="tests/PgWorker.UnitTests/PgWorker.UnitTests.csproj" />
        <Project Path="tests/PgWorker.IntegrationTests/PgWorker.IntegrationTests.csproj" />
        <Project Path="tests/AdminPanel.UnitTests/AdminPanel.UnitTests.csproj" />
        <Project Path="tests/AdminPanel.IntegrationTests/AdminPanel.IntegrationTests.csproj" />
        <Project Path="tests/KafkaWorker.UnitTests/KafkaWorker.UnitTests.csproj" />
        <Project Path="tests/KafkaWorker.IntegrationTests/KafkaWorker.IntegrationTests.csproj" />
    </Folder>
</Solution>
